// !$*UTF8*$!
{
	archiveVersion = 1;
	classes = {
	};
	objectVersion = 48;
	objects = {

/* Begin PBXBuildFile section */
		CD20901C2085CA0A00C21C70 /* AppDelegate.m in Sources */ = {isa = PBXBuildFile; fileRef = CD20901B2085CA0A00C21C70 /* AppDelegate.m */; };
		CD20901F2085CA0A00C21C70 /* ViewController.m in Sources */ = {isa = PBXBuildFile; fileRef = CD20901E2085CA0A00C21C70 /* ViewController.m */; };
		CD2090222085CA0A00C21C70 /* Main.storyboard in Resources */ = {isa = PBXBuildFile; fileRef = CD2090202085CA0A00C21C70 /* Main.storyboard */; };
		CD2090242085CA0A00C21C70 /* Assets.xcassets in Resources */ = {isa = PBXBuildFile; fileRef = CD2090232085CA0A00C21C70 /* Assets.xcassets */; };
		CD2090272085CA0A00C21C70 /* LaunchScreen.storyboard in Resources */ = {isa = PBXBuildFile; fileRef = CD2090252085CA0A00C21C70 /* LaunchScreen.storyboard */; };
		CD20902A2085CA0A00C21C70 /* main.m in Sources */ = {isa = PBXBuildFile; fileRef = CD2090292085CA0A00C21C70 /* main.m */; };
		CD2090352085CA4200C21C70 /* 更新记录.md in Resources */ = {isa = PBXBuildFile; fileRef = CD2090312085CA4200C21C70 /* 更新记录.md */; };
		CD2090362085CA4200C21C70 /* DiskLog.m in Sources */ = {isa = PBXBuildFile; fileRef = CD2090332085CA4200C21C70 /* DiskLog.m */; };
/* End PBXBuildFile section */

/* Begin PBXFileReference section */
		CD2090172085CA0A00C21C70 /* PrivatePodDemo.app */ = {isa = PBXFileReference; explicitFileType = wrapper.application; includeInIndex = 0; path = PrivatePodDemo.app; sourceTree = BUILT_PRODUCTS_DIR; };
		CD20901A2085CA0A00C21C70 /* AppDelegate.h */ = {isa = PBXFileReference; lastKnownFileType = sourcecode.c.h; path = AppDelegate.h; sourceTree = "<group>"; };
		CD20901B2085CA0A00C21C70 /* AppDelegate.m */ = {isa = PBXFileReference; lastKnownFileType = sourcecode.c.objc; path = AppDelegate.m; sourceTree = "<group>"; };
		CD20901D2085CA0A00C21C70 /* ViewController.h */ = {isa = PBXFileReference; lastKnownFileType = sourcecode.c.h; path = ViewController.h; sourceTree = "<group>"; };
		CD20901E2085CA0A00C21C70 /* ViewController.m */ = {isa = PBXFileReference; lastKnownFileType = sourcecode.c.objc; path = ViewController.m; sourceTree = "<group>"; };
		CD2090212085CA0A00C21C70 /* Base */ = {isa = PBXFileReference; lastKnownFileType = file.storyboard; name = Base; path = Base.lproj/Main.storyboard; sourceTree = "<group>"; };
		CD2090232085CA0A00C21C70 /* Assets.xcassets */ = {isa = PBXFileReference; lastKnownFileType = folder.assetcatalog; path = Assets.xcassets; sourceTree = "<group>"; };
		CD2090262085CA0A00C21C70 /* Base */ = {isa = PBXFileReference; lastKnownFileType = file.storyboard; name = Base; path = Base.lproj/LaunchScreen.storyboard; sourceTree = "<group>"; };
		CD2090282085CA0A00C21C70 /* Info.plist */ = {isa = PBXFileReference; lastKnownFileType = text.plist.xml; path = Info.plist; sourceTree = "<group>"; };
		CD2090292085CA0A00C21C70 /* main.m */ = {isa = PBXFileReference; lastKnownFileType = sourcecode.c.objc; path = main.m; sourceTree = "<group>"; };
		CD2090312085CA4200C21C70 /* 更新记录.md */ = {isa = PBXFileReference; fileEncoding = 4; lastKnownFileType = net.daringfireball.markdown; path = "更新记录.md"; sourceTree = "<group>"; };
		CD2090332085CA4200C21C70 /* DiskLog.m */ = {isa = PBXFileReference; fileEncoding = 4; lastKnownFileType = sourcecode.c.objc; path = DiskLog.m; sourceTree = "<group>"; };
		CD2090342085CA4200C21C70 /* DiskLog.h */ = {isa = PBXFileReference; fileEncoding = 4; lastKnownFileType = sourcecode.c.h; path = DiskLog.h; sourceTree = "<group>"; };
/* End PBXFileReference section */

/* Begin PBXFrameworksBuildPhase section */
		CD2090142085CA0A00C21C70 /* Frameworks */ = {
			isa = PBXFrameworksBuildPhase;
			buildActionMask = 2147483647;
			files = (
			);
			runOnlyForDeploymentPostprocessing = 0;
		};
/* End PBXFrameworksBuildPhase section */

/* Begin PBXGroup section */
		CD20900E2085CA0A00C21C70 = {
			isa = PBXGroup;
			children = (
				CD2090192085CA0A00C21C70 /* PrivatePodDemo */,
				CD2090182085CA0A00C21C70 /* Products */,
			);
			sourceTree = "<group>";
		};
		CD2090182085CA0A00C21C70 /* Products */ = {
			isa = PBXGroup;
			children = (
				CD2090172085CA0A00C21C70 /* PrivatePodDemo.app */,
			);
			name = Products;
			sourceTree = "<group>";
		};
		CD2090192085CA0A00C21C70 /* PrivatePodDemo */ = {
			isa = PBXGroup;
			children = (
				CD2090302085CA4200C21C70 /* Classes */,
				CD20901A2085CA0A00C21C70 /* AppDelegate.h */,
				CD20901B2085CA0A00C21C70 /* AppDelegate.m */,
				CD20901D2085CA0A00C21C70 /* ViewController.h */,
				CD20901E2085CA0A00C21C70 /* ViewController.m */,
				CD2090202085CA0A00C21C70 /* Main.storyboard */,
				CD2090232085CA0A00C21C70 /* Assets.xcassets */,
				CD2090252085CA0A00C21C70 /* LaunchScreen.storyboard */,
				CD2090282085CA0A00C21C70 /* Info.plist */,
				CD2090292085CA0A00C21C70 /* main.m */,
			);
			path = PrivatePodDemo;
			sourceTree = "<group>";
		};
		CD2090302085CA4200C21C70 /* Classes */ = {
			isa = PBXGroup;
			children = (
				CD2090312085CA4200C21C70 /* 更新记录.md */,
				CD2090322085CA4200C21C70 /* DiskLog */,
			);
			path = Classes;
			sourceTree = "<group>";
		};
		CD2090322085CA4200C21C70 /* DiskLog */ = {
			isa = PBXGroup;
			children = (
				CD2090332085CA4200C21C70 /* DiskLog.m */,
				CD2090342085CA4200C21C70 /* DiskLog.h */,
			);
			path = DiskLog;
			sourceTree = "<group>";
		};
/* End PBXGroup section */

/* Begin PBXNativeTarget section */
		CD2090162085CA0A00C21C70 /* PrivatePodDemo */ = {
			isa = PBXNativeTarget;
			buildConfigurationList = CD20902D2085CA0A00C21C70 /* Build configuration list for PBXNativeTarget "PrivatePodDemo" */;
			buildPhases = (
				CD2090132085CA0A00C21C70 /* Sources */,
				CD2090142085CA0A00C21C70 /* Frameworks */,
				CD2090152085CA0A00C21C70 /* Resources */,
			);
			buildRules = (
			);
			dependencies = (
			);
			name = PrivatePodDemo;
			productName = PrivatePodDemo;
			productReference = CD2090172085CA0A00C21C70 /* PrivatePodDemo.app */;
			productType = "com.apple.product-type.application";
		};
/* End PBXNativeTarget section */

/* Begin PBXProject section */
		CD20900F2085CA0A00C21C70 /* Project object */ = {
			isa = PBXProject;
			attributes = {
				LastUpgradeCheck = 0920;
				ORGANIZATIONNAME = wangpo;
				TargetAttributes = {
					CD2090162085CA0A00C21C70 = {
						CreatedOnToolsVersion = 9.2;
						ProvisioningStyle = Automatic;
					};
				};
			};
			buildConfigurationList = CD2090122085CA0A00C21C70 /* Build configuration list for PBXProject "PrivatePodDemo" */;
			compatibilityVersion = "Xcode 8.0";
			developmentRegion = en;
			hasScannedForEncodings = 0;
			knownRegions = (
				en,
				Base,
			);
			mainGroup = CD20900E2085CA0A00C21C70;
			productRefGroup = CD2090182085CA0A00C21C70 /* Products */;
			projectDirPath = "";
			projectRoot = "";
			targets = (
				CD2090162085CA0A00C21C70 /* PrivatePodDemo */,
			);
		};
/* End PBXProject section */

/* Begin PBXResourcesBuildPhase section */
		CD2090152085CA0A00C21C70 /* Resources */ = {
			isa = PBXResourcesBuildPhase;
			buildActionMask = 2147483647;
			files = (
				CD2090272085CA0A00C21C70 /* LaunchScreen.storyboard in Resources */,
				CD2090242085CA0A00C21C70 /* Assets.xcassets in Resources */,
				CD2090222085CA0A00C21C70 /* Main.storyboard in Resources */,
				CD2090352085CA4200C21C70 /* 更新记录.md in Resources */,
			);
			runOnlyForDeploymentPostprocessing = 0;
		};
/* End PBXResourcesBuildPhase section */

/* Begin PBXSourcesBuildPhase section */
		CD2090132085CA0A00C21C70 /* Sources */ = {
			isa = PBXSourcesBuildPhase;
			buildActionMask = 2147483647;
			files = (
				CD20901F2085CA0A00C21C70 /* ViewController.m in Sources */,
				CD2090362085CA4200C21C70 /* DiskLog.m in Sources */,
				CD20902A2085CA0A00C21C70 /* main.m in Sources */,
				CD20901C2085CA0A00C21C70 /* AppDelegate.m in Sources */,
			);
			runOnlyForDeploymentPostprocessing = 0;
		};
/* End PBXSourcesBuildPhase section */

/* Begin PBXVariantGroup section */
		CD2090202085CA0A00C21C70 /* Main.storyboard */ = {
			isa = PBXVariantGroup;
			children = (
				CD2090212085CA0A00C21C70 /* Base */,
			);
			name = Main.storyboard;
			sourceTree = "<group>";
		};
		CD2090252085CA0A00C21C70 /* LaunchScreen.storyboard */ = {
			isa = PBXVariantGroup;
			children = (
				CD2090262085CA0A00C21C70 /* Base */,
			);
			name = LaunchScreen.storyboard;
			sourceTree = "<group>";
		};
/* End PBXVariantGroup section */

/* Begin XCBuildConfiguration section */
		CD20902B2085CA0A00C21C70 /* Debug */ = {
			isa = XCBuildConfiguration;
			buildSettings = {
				ALWAYS_SEARCH_USER_PATHS = NO;
				CLANG_ANALYZER_NONNULL = YES;
				CLANG_ANALYZER_NUMBER_OBJECT_CONVERSION = YES_AGGRESSIVE;
				CLANG_CXX_LANGUAGE_STANDARD = "gnu++14";
				CLANG_CXX_LIBRARY = "libc++";
				CLANG_ENABLE_MODULES = YES;
				CLANG_ENABLE_OBJC_ARC = YES;
				CLANG_WARN_BLOCK_CAPTURE_AUTORELEASING = YES;
				CLANG_WARN_BOOL_CONVERSION = YES;
				CLANG_WARN_COMMA = YES;
				CLANG_WARN_CONSTANT_CONVERSION = YES;
				CLANG_WARN_DIRECT_OBJC_ISA_USAGE = YES_ERROR;
				CLANG_WARN_DOCUMENTATION_COMMENTS = YES;
				CLANG_WARN_EMPTY_BODY = YES;
				CLANG_WARN_ENUM_CONVERSION = YES;
				CLANG_WARN_INFINITE_RECURSION = YES;
				CLANG_WARN_INT_CONVERSION = YES;
				CLANG_WARN_NON_LITERAL_NULL_CONVERSION = YES;
				CLANG_WARN_OBJC_LITERAL_CONVERSION = YES;
				CLANG_WARN_OBJC_ROOT_CLASS = YES_ERROR;
				CLANG_WARN_RANGE_LOOP_ANALYSIS = YES;
				CLANG_WARN_STRICT_PROTOTYPES = YES;
				CLANG_WARN_SUSPICIOUS_MOVE = YES;
				CLANG_WARN_UNGUARDED_AVAILABILITY = YES_AGGRESSIVE;
				CLANG_WARN_UNREACHABLE_CODE = YES;
				CLANG_WARN__DUPLICATE_METHOD_MATCH = YES;
				CODE_SIGN_IDENTITY = "iPhone Developer";
				COPY_PHASE_STRIP = NO;
				DEBUG_INFORMATION_FORMAT = dwarf;
				ENABLE_STRICT_OBJC_MSGSEND = YES;
				ENABLE_TESTABILITY = YES;
				GCC_C_LANGUAGE_STANDARD = gnu11;
				GCC_DYNAMIC_NO_PIC = NO;
				GCC_NO_COMMON_BLOCKS = YES;
				GCC_OPTIMIZATION_LEVEL = 0;
				GCC_PREPROCESSOR_DEFINITIONS = (
					"DEBUG=1",
					"$(inherited)",
				);
				GCC_WARN_64_TO_32_BIT_CONVERSION = YES;
				GCC_WARN_ABOUT_RETURN_TYPE = YES_ERROR;
				GCC_WARN_UNDECLARED_SELECTOR = YES;
				GCC_WARN_UNINITIALIZED_AUTOS = YES_AGGRESSIVE;
				GCC_WARN_UNUSED_FUNCTION = YES;
				GCC_WARN_UNUSED_VARIABLE = YES;
				IPHONEOS_DEPLOYMENT_TARGET = 11.2;
				MTL_ENABLE_DEBUG_INFO = YES;
				ONLY_ACTIVE_ARCH = YES;
				SDKROOT = iphoneos;
			};
			name = Debug;
		};
		CD20902C2085CA0A00C21C70 /* Release */ = {
			isa = XCBuildConfiguration;
			buildSettings = {
				ALWAYS_SEARCH_USER_PATHS = NO;
				CLANG_ANALYZER_NONNULL = YES;
				CLANG_ANALYZER_NUMBER_OBJECT_CONVERSION = YES_AGGRESSIVE;
				CLANG_CXX_LANGUAGE_STANDARD = "gnu++14";
				CLANG_CXX_LIBRARY = "libc++";
				CLANG_ENABLE_MODULES = YES;
				CLANG_ENABLE_OBJC_ARC = YES;
				CLANG_WARN_BLOCK_CAPTURE_AUTORELEASING = YES;
				CLANG_WARN_BOOL_CONVERSION = YES;
				CLANG_WARN_COMMA = YES;
				CLANG_WARN_CONSTANT_CONVERSION = YES;
				CLANG_WARN_DIRECT_OBJC_ISA_USAGE = YES_ERROR;
				CLANG_WARN_DOCUMENTATION_COMMENTS = YES;
				CLANG_WARN_EMPTY_BODY = YES;
				CLANG_WARN_ENUM_CONVERSION = YES;
				CLANG_WARN_INFINITE_RECURSION = YES;
				CLANG_WARN_INT_CONVERSION = YES;
				CLANG_WARN_NON_LITERAL_NULL_CONVERSION = YES;
				CLANG_WARN_OBJC_LITERAL_CONVERSION = YES;
				CLANG_WARN_OBJC_ROOT_CLASS = YES_ERROR;
				CLANG_WARN_RANGE_LOOP_ANALYSIS = YES;
				CLANG_WARN_STRICT_PROTOTYPES = YES;
				CLANG_WARN_SUSPICIOUS_MOVE = YES;
				CLANG_WARN_UNGUARDED_AVAILABILITY = YES_AGGRESSIVE;
				CLANG_WARN_UNREACHABLE_CODE = YES;
				CLANG_WARN__DUPLICATE_METHOD_MATCH = YES;
				CODE_SIGN_IDENTITY = "iPhone Developer";
				COPY_PHASE_STRIP = NO;
				DEBUG_INFORMATION_FORMAT = "dwarf-with-dsym";
				ENABLE_NS_ASSERTIONS = NO;
				ENABLE_STRICT_OBJC_MSGSEND = YES;
				GCC_C_LANGUAGE_STANDARD = gnu11;
				GCC_NO_COMMON_BLOCKS = YES;
				GCC_WARN_64_TO_32_BIT_CONVERSION = YES;
				GCC_WARN_ABOUT_RETURN_TYPE = YES_ERROR;
				GCC_WARN_UNDECLARED_SELECTOR = YES;
				GCC_WARN_UNINITIALIZED_AUTOS = YES_AGGRESSIVE;
				GCC_WARN_UNUSED_FUNCTION = YES;
				GCC_WARN_UNUSED_VARIABLE = YES;
				IPHONEOS_DEPLOYMENT_TARGET = 11.2;
				MTL_ENABLE_DEBUG_INFO = NO;
				SDKROOT = iphoneos;
				VALIDATE_PRODUCT = YES;
			};
			name = Release;
		};
		CD20902E2085CA0A00C21C70 /* Debug */ = {
			isa = XCBuildConfiguration;
			buildSettings = {
				ASSETCATALOG_COMPILER_APPICON_NAME = AppIcon;
				CODE_SIGN_STYLE = Automatic;
				INFOPLIST_FILE = PrivatePodDemo/Info.plist;
				LD_RUNPATH_SEARCH_PATHS = "$(inherited) @executable_path/Frameworks";
				PRODUCT_BUNDLE_IDENTIFIER = com.abc.PrivatePodDemo;
				PRODUCT_NAME = "$(TARGET_NAME)";
				TARGETED_DEVICE_FAMILY = "1,2";
			};
			name = Debug;
		};
		CD20902F2085CA0A00C21C70 /* Release */ = {
			isa = XCBuildConfiguration;
			buildSettings = {
				ASSETCATALOG_COMPILER_APPICON_NAME = AppIcon;
				CODE_SIGN_STYLE = Automatic;
				INFOPLIST_FILE = PrivatePodDemo/Info.plist;
				LD_RUNPATH_SEARCH_PATHS = "$(inherited) @executable_path/Frameworks";
				PRODUCT_BUNDLE_IDENTIFIER = com.abc.PrivatePodDemo;
				PRODUCT_NAME = "$(TARGET_NAME)";
				TARGETED_DEVICE_FAMILY = "1,2";
			};
			name = Release;
		};
/* End XCBuildConfiguration section */

/* Begin XCConfigurationList section */
		CD2090122085CA0A00C21C70 /* Build configuration list for PBXProject "PrivatePodDemo" */ = {
			isa = XCConfigurationList;
			buildConfigurations = (
				CD20902B2085CA0A00C21C70 /* Debug */,
				CD20902C2085CA0A00C21C70 /* Release */,
			);
			defaultConfigurationIsVisible = 0;
			defaultConfigurationName = Release;
		};
		CD20902D2085CA0A00C21C70 /* Build configuration list for PBXNativeTarget "PrivatePodDemo" */ = {
			isa = XCConfigurationList;
			buildConfigurations = (
				CD20902E2085CA0A00C21C70 /* Debug */,
				CD20902F2085CA0A00C21C70 /* Release */,
			);
			defaultConfigurationIsVisible = 0;
			defaultConfigurationName = Release;
		};
/* End XCConfigurationList section */
	};
	rootObject = CD20900F2085CA0A00C21C70 /* Project object */;
}
